
Microsoft Visual Studio Solution File, Format Version 12.00
# Visual Studio Version 16
VisualStudioVersion = 16.0.32510.428
MinimumVisualStudioVersion = 10.0.40219.1
Project("{FAE04EC0-301F-11D3-BF4B-00C04F79EFBC}") = "Persona_IU", "Persona_IU\Persona_IU.csproj", "{F88F88F6-E25F-479D-A820-94B453CFAFF5}"
EndProject
Project("{FAE04EC0-301F-11D3-BF4B-00C04F79EFBC}") = "Persona_LN", "Persona_LN\Persona_LN.csproj", "{BEDEB6D0-882B-4738-9CDA-228AA7F25A2F}"
EndProject
Project("{FAE04EC0-301F-11D3-BF4B-00C04F79EFBC}") = "Persona_EL", "Persona_EL\Persona_EL.csproj", "{DD25A10E-E1A2-4355-91CA-F5D8E223E35E}"
EndProject
Project("{FAE04EC0-301F-11D3-BF4B-00C04F79EFBC}") = "Persona_DB", "Persona_DB\Persona_DB.csproj", "{9252021A-A534-459B-A7D6-11A545458511}"
EndProject
Global
	GlobalSection(SolutionConfigurationPlatforms) = preSolution
		Debug|Any CPU = Debug|Any CPU
		Release|Any CPU = Release|Any CPU
	EndGlobalSection
	GlobalSection(ProjectConfigurationPlatforms) = postSolution
		{F88F88F6-E25F-479D-A820-94B453CFAFF5}.Debug|Any CPU.ActiveCfg = Debug|Any CPU
		{F88F88F6-E25F-479D-A820-94B453CFAFF5}.Debug|Any CPU.Build.0 = Debug|Any CPU
		{F88F88F6-E25F-479D-A820-94B453CFAFF5}.Release|Any CPU.ActiveCfg = Release|Any CPU
		{F88F88F6-E25F-479D-A820-94B453CFAFF5}.Release|Any CPU.Build.0 = Release|Any CPU
		{BEDEB6D0-882B-4738-9CDA-228AA7F25A2F}.Debug|Any CPU.ActiveCfg = Debug|Any CPU
		{BEDEB6D0-882B-4738-9CDA-228AA7F25A2F}.Debug|Any CPU.Build.0 = Debug|Any CPU
		{BEDEB6D0-882B-4738-9CDA-228AA7F25A2F}.Release|Any CPU.ActiveCfg = Release|Any CPU
		{BEDEB6D0-882B-4738-9CDA-228AA7F25A2F}.Release|Any CPU.Build.0 = Release|Any CPU
		{DD25A10E-E1A2-4355-91CA-F5D8E223E35E}.Debug|Any CPU.ActiveCfg = Debug|Any CPU
		{DD25A10E-E1A2-4355-91CA-F5D8E223E35E}.Debug|Any CPU.Build.0 = Debug|Any CPU
		{DD25A10E-E1A2-4355-91CA-F5D8E223E35E}.Release|Any CPU.ActiveCfg = Release|Any CPU
		{DD25A10E-E1A2-4355-91CA-F5D8E223E35E}.Release|Any CPU.Build.0 = Release|Any CPU
		{9252021A-A534-459B-A7D6-11A545458511}.Debug|Any CPU.ActiveCfg = Debug|Any CPU
		{9252021A-A534-459B-A7D6-11A545458511}.Debug|Any CPU.Build.0 = Debug|Any CPU
		{9252021A-A534-459B-A7D6-11A545458511}.Release|Any CPU.ActiveCfg = Release|Any CPU
		{9252021A-A534-459B-A7D6-11A545458511}.Release|Any CPU.Build.0 = Release|Any CPU
	EndGlobalSection
	GlobalSection(SolutionProperties) = preSolution
		HideSolutionNode = FALSE
	EndGlobalSection
	GlobalSection(ExtensibilityGlobals) = postSolution
		SolutionGuid = {B3AC718B-8009-4E4D-95F5-4C8406709F5E}
	EndGlobalSection
EndGlobal
